{
    "_readme": [
        "This file locks the dependencies of your project to a known state",
        "Read more about it at https://getcomposer.org/doc/01-basic-usage.md#composer-lock-the-lock-file",
        "This file is @generated automatically"
    ],
    "hash": "770b4586a1ee6388b707f7431a100c12",
    "content-hash": "1aa4437b091d1083589f075f22b43d95",
    "packages": [
        {
            "name": "ryakad/pandoc-php",
            "version": "v1.0.0",
            "source": {
                "type": "git",
                "url": "https://github.com/ryakad/pandoc-php.git",
                "reference": "0cfdf959408e4c481db942b26785d94b9fe46672"
            },
            "dist": {
                "type": "zip",
                "url": "https://api.github.com/repos/ryakad/pandoc-php/zipball/0cfdf959408e4c481db942b26785d94b9fe46672",
                "reference": "0cfdf959408e4c481db942b26785d94b9fe46672",
                "shasum": ""
            },
            "type": "library",
            "autoload": {
                "psr-0": {
                    "Pandoc": "src"
                }
            },
            "notification-url": "https://packagist.org/downloads/",
            "license": [
                "MIT"
            ],
            "time": "2015-01-07 05:07:16"
        }
    ],
    "packages-dev": [],
    "aliases": [],
    "minimum-stability": "dev",
    "stability-flags": [],
    "prefer-stable": true,
    "prefer-lowest": false,
    "platform": {
        "php": "^5.6",
        "ext-tidy": "*"
    },
    "platform-dev": []
}
